
Microsoft Visual Studio Solution File, Format Version 12.00
# Visual Studio 15
VisualStudioVersion = 15.0.26124.0
MinimumVisualStudioVersion = 15.0.26124.0
Project("{FAE04EC0-301F-11D3-BF4B-00C04F79EFBC}") = "MediaWorld.Client", "MediaWorld.Client\MediaWorld.Client.csproj", "{ABAF4A67-4C6F-45C0-89FA-BB97F4EA2E5F}"
EndProject
Project("{FAE04EC0-301F-11D3-BF4B-00C04F79EFBC}") = "MediaWorld.Domain", "MediaWorld.Domain\MediaWorld.Domain.csproj", "{F3E85909-9373-44DB-B253-3253D24348E6}"
EndProject
Project("{FAE04EC0-301F-11D3-BF4B-00C04F79EFBC}") = "MediaWorld.Storing", "MediaWorld.Storing\MediaWorld.Storing.csproj", "{3B87B2C7-9339-4A0B-9301-FF91921D2081}"
EndProject
Project("{FAE04EC0-301F-11D3-BF4B-00C04F79EFBC}") = "MediaWorld.Testing", "MediaWorld.Testing\MediaWorld.Testing.csproj", "{D1CC36E1-29F8-467B-BC43-7675BFA523B5}"
EndProject
Global
	GlobalSection(SolutionConfigurationPlatforms) = preSolution
		Debug|Any CPU = Debug|Any CPU
		Debug|x64 = Debug|x64
		Debug|x86 = Debug|x86
		Release|Any CPU = Release|Any CPU
		Release|x64 = Release|x64
		Release|x86 = Release|x86
	EndGlobalSection
	GlobalSection(SolutionProperties) = preSolution
		HideSolutionNode = FALSE
	EndGlobalSection
	GlobalSection(ProjectConfigurationPlatforms) = postSolution
		{ABAF4A67-4C6F-45C0-89FA-BB97F4EA2E5F}.Debug|Any CPU.ActiveCfg = Debug|Any CPU
		{ABAF4A67-4C6F-45C0-89FA-BB97F4EA2E5F}.Debug|Any CPU.Build.0 = Debug|Any CPU
		{ABAF4A67-4C6F-45C0-89FA-BB97F4EA2E5F}.Debug|x64.ActiveCfg = Debug|Any CPU
		{ABAF4A67-4C6F-45C0-89FA-BB97F4EA2E5F}.Debug|x64.Build.0 = Debug|Any CPU
		{ABAF4A67-4C6F-45C0-89FA-BB97F4EA2E5F}.Debug|x86.ActiveCfg = Debug|Any CPU
		{ABAF4A67-4C6F-45C0-89FA-BB97F4EA2E5F}.Debug|x86.Build.0 = Debug|Any CPU
		{ABAF4A67-4C6F-45C0-89FA-BB97F4EA2E5F}.Release|Any CPU.ActiveCfg = Release|Any CPU
		{ABAF4A67-4C6F-45C0-89FA-BB97F4EA2E5F}.Release|Any CPU.Build.0 = Release|Any CPU
		{ABAF4A67-4C6F-45C0-89FA-BB97F4EA2E5F}.Release|x64.ActiveCfg = Release|Any CPU
		{ABAF4A67-4C6F-45C0-89FA-BB97F4EA2E5F}.Release|x64.Build.0 = Release|Any CPU
		{ABAF4A67-4C6F-45C0-89FA-BB97F4EA2E5F}.Release|x86.ActiveCfg = Release|Any CPU
		{ABAF4A67-4C6F-45C0-89FA-BB97F4EA2E5F}.Release|x86.Build.0 = Release|Any CPU
		{F3E85909-9373-44DB-B253-3253D24348E6}.Debug|Any CPU.ActiveCfg = Debug|Any CPU
		{F3E85909-9373-44DB-B253-3253D24348E6}.Debug|Any CPU.Build.0 = Debug|Any CPU
		{F3E85909-9373-44DB-B253-3253D24348E6}.Debug|x64.ActiveCfg = Debug|Any CPU
		{F3E85909-9373-44DB-B253-3253D24348E6}.Debug|x64.Build.0 = Debug|Any CPU
		{F3E85909-9373-44DB-B253-3253D24348E6}.Debug|x86.ActiveCfg = Debug|Any CPU
		{F3E85909-9373-44DB-B253-3253D24348E6}.Debug|x86.Build.0 = Debug|Any CPU
		{F3E85909-9373-44DB-B253-3253D24348E6}.Release|Any CPU.ActiveCfg = Release|Any CPU
		{F3E85909-9373-44DB-B253-3253D24348E6}.Release|Any CPU.Build.0 = Release|Any CPU
		{F3E85909-9373-44DB-B253-3253D24348E6}.Release|x64.ActiveCfg = Release|Any CPU
		{F3E85909-9373-44DB-B253-3253D24348E6}.Release|x64.Build.0 = Release|Any CPU
		{F3E85909-9373-44DB-B253-3253D24348E6}.Release|x86.ActiveCfg = Release|Any CPU
		{F3E85909-9373-44DB-B253-3253D24348E6}.Release|x86.Build.0 = Release|Any CPU
		{3B87B2C7-9339-4A0B-9301-FF91921D2081}.Debug|Any CPU.ActiveCfg = Debug|Any CPU
		{3B87B2C7-9339-4A0B-9301-FF91921D2081}.Debug|Any CPU.Build.0 = Debug|Any CPU
		{3B87B2C7-9339-4A0B-9301-FF91921D2081}.Debug|x64.ActiveCfg = Debug|Any CPU
		{3B87B2C7-9339-4A0B-9301-FF91921D2081}.Debug|x64.Build.0 = Debug|Any CPU
		{3B87B2C7-9339-4A0B-9301-FF91921D2081}.Debug|x86.ActiveCfg = Debug|Any CPU
		{3B87B2C7-9339-4A0B-9301-FF91921D2081}.Debug|x86.Build.0 = Debug|Any CPU
		{3B87B2C7-9339-4A0B-9301-FF91921D2081}.Release|Any CPU.ActiveCfg = Release|Any CPU
		{3B87B2C7-9339-4A0B-9301-FF91921D2081}.Release|Any CPU.Build.0 = Release|Any CPU
		{3B87B2C7-9339-4A0B-9301-FF91921D2081}.Release|x64.ActiveCfg = Release|Any CPU
		{3B87B2C7-9339-4A0B-9301-FF91921D2081}.Release|x64.Build.0 = Release|Any CPU
		{3B87B2C7-9339-4A0B-9301-FF91921D2081}.Release|x86.ActiveCfg = Release|Any CPU
		{3B87B2C7-9339-4A0B-9301-FF91921D2081}.Release|x86.Build.0 = Release|Any CPU
		{D1CC36E1-29F8-467B-BC43-7675BFA523B5}.Debug|Any CPU.ActiveCfg = Debug|Any CPU
		{D1CC36E1-29F8-467B-BC43-7675BFA523B5}.Debug|Any CPU.Build.0 = Debug|Any CPU
		{D1CC36E1-29F8-467B-BC43-7675BFA523B5}.Debug|x64.ActiveCfg = Debug|Any CPU
		{D1CC36E1-29F8-467B-BC43-7675BFA523B5}.Debug|x64.Build.0 = Debug|Any CPU
		{D1CC36E1-29F8-467B-BC43-7675BFA523B5}.Debug|x86.ActiveCfg = Debug|Any CPU
		{D1CC36E1-29F8-467B-BC43-7675BFA523B5}.Debug|x86.Build.0 = Debug|Any CPU
		{D1CC36E1-29F8-467B-BC43-7675BFA523B5}.Release|Any CPU.ActiveCfg = Release|Any CPU
		{D1CC36E1-29F8-467B-BC43-7675BFA523B5}.Release|Any CPU.Build.0 = Release|Any CPU
		{D1CC36E1-29F8-467B-BC43-7675BFA523B5}.Release|x64.ActiveCfg = Release|Any CPU
		{D1CC36E1-29F8-467B-BC43-7675BFA523B5}.Release|x64.Build.0 = Release|Any CPU
		{D1CC36E1-29F8-467B-BC43-7675BFA523B5}.Release|x86.ActiveCfg = Release|Any CPU
		{D1CC36E1-29F8-467B-BC43-7675BFA523B5}.Release|x86.Build.0 = Release|Any CPU
	EndGlobalSection
EndGlobal
